
Microsoft Visual Studio Solution File, Format Version 12.00
# Visual Studio Version 16
VisualStudioVersion = 16.0.29911.84
MinimumVisualStudioVersion = 10.0.40219.1
Project("{8BC9CEB8-8B4A-11D0-8D11-00A0C91BC942}") = "IMUproject", "IMUproject\IMUproject.vcxproj", "{408A498F-5CCA-4AFE-B3CD-8E394EF684FB}"
EndProject
Global
	GlobalSection(SolutionConfigurationPlatforms) = preSolution
		Debug|ARM = Debug|ARM
		Debug|ARM64 = Debug|ARM64
		Debug|x64 = Debug|x64
		Debug|x86 = Debug|x86
		Release|ARM = Release|ARM
		Release|ARM64 = Release|ARM64
		Release|x64 = Release|x64
		Release|x86 = Release|x86
	EndGlobalSection
	GlobalSection(ProjectConfigurationPlatforms) = postSolution
		{408A498F-5CCA-4AFE-B3CD-8E394EF684FB}.Debug|ARM.ActiveCfg = Debug|ARM
		{408A498F-5CCA-4AFE-B3CD-8E394EF684FB}.Debug|ARM.Build.0 = Debug|ARM
		{408A498F-5CCA-4AFE-B3CD-8E394EF684FB}.Debug|ARM.Deploy.0 = Debug|ARM
		{408A498F-5CCA-4AFE-B3CD-8E394EF684FB}.Debug|ARM64.ActiveCfg = Debug|ARM64
		{408A498F-5CCA-4AFE-B3CD-8E394EF684FB}.Debug|ARM64.Build.0 = Debug|ARM64
		{408A498F-5CCA-4AFE-B3CD-8E394EF684FB}.Debug|ARM64.Deploy.0 = Debug|ARM64
		{408A498F-5CCA-4AFE-B3CD-8E394EF684FB}.Debug|x64.ActiveCfg = Debug|x64
		{408A498F-5CCA-4AFE-B3CD-8E394EF684FB}.Debug|x64.Build.0 = Debug|x64
		{408A498F-5CCA-4AFE-B3CD-8E394EF684FB}.Debug|x64.Deploy.0 = Debug|x64
		{408A498F-5CCA-4AFE-B3CD-8E394EF684FB}.Debug|x86.ActiveCfg = Debug|x86
		{408A498F-5CCA-4AFE-B3CD-8E394EF684FB}.Debug|x86.Build.0 = Debug|x86
		{408A498F-5CCA-4AFE-B3CD-8E394EF684FB}.Debug|x86.Deploy.0 = Debug|x86
		{408A498F-5CCA-4AFE-B3CD-8E394EF684FB}.Release|ARM.ActiveCfg = Release|ARM
		{408A498F-5CCA-4AFE-B3CD-8E394EF684FB}.Release|ARM.Build.0 = Release|ARM
		{408A498F-5CCA-4AFE-B3CD-8E394EF684FB}.Release|ARM.Deploy.0 = Release|ARM
		{408A498F-5CCA-4AFE-B3CD-8E394EF684FB}.Release|ARM64.ActiveCfg = Release|ARM64
		{408A498F-5CCA-4AFE-B3CD-8E394EF684FB}.Release|ARM64.Build.0 = Release|ARM64
		{408A498F-5CCA-4AFE-B3CD-8E394EF684FB}.Release|ARM64.Deploy.0 = Release|ARM64
		{408A498F-5CCA-4AFE-B3CD-8E394EF684FB}.Release|x64.ActiveCfg = Release|x64
		{408A498F-5CCA-4AFE-B3CD-8E394EF684FB}.Release|x64.Build.0 = Release|x64
		{408A498F-5CCA-4AFE-B3CD-8E394EF684FB}.Release|x64.Deploy.0 = Release|x64
		{408A498F-5CCA-4AFE-B3CD-8E394EF684FB}.Release|x86.ActiveCfg = Release|x86
		{408A498F-5CCA-4AFE-B3CD-8E394EF684FB}.Release|x86.Build.0 = Release|x86
		{408A498F-5CCA-4AFE-B3CD-8E394EF684FB}.Release|x86.Deploy.0 = Release|x86
	EndGlobalSection
	GlobalSection(SolutionProperties) = preSolution
		HideSolutionNode = FALSE
	EndGlobalSection
	GlobalSection(ExtensibilityGlobals) = postSolution
		SolutionGuid = {EB994126-275E-4FE4-A6DE-CC926BB0552E}
	EndGlobalSection
EndGlobal
